
Microsoft Visual Studio Solution File, Format Version 12.00
# Visual Studio Version 17
VisualStudioVersion = 17.8.34322.80
MinimumVisualStudioVersion = 10.0.40219.1
Project("{FAE04EC0-301F-11D3-BF4B-00C04F79EFBC}") = "InventoryManagementSystem", "InventoryManagementSystem\InventoryManagementSystem.csproj", "{04691105-84E2-47F9-87A4-1987A4F33A10}"
EndProject
Global
	GlobalSection(SolutionConfigurationPlatforms) = preSolution
		Debug|Any CPU = Debug|Any CPU
		Release|Any CPU = Release|Any CPU
	EndGlobalSection
	GlobalSection(ProjectConfigurationPlatforms) = postSolution
		{04691105-84E2-47F9-87A4-1987A4F33A10}.Debug|Any CPU.ActiveCfg = Debug|Any CPU
		{04691105-84E2-47F9-87A4-1987A4F33A10}.Debug|Any CPU.Build.0 = Debug|Any CPU
		{04691105-84E2-47F9-87A4-1987A4F33A10}.Release|Any CPU.ActiveCfg = Release|Any CPU
		{04691105-84E2-47F9-87A4-1987A4F33A10}.Release|Any CPU.Build.0 = Release|Any CPU
	EndGlobalSection
	GlobalSection(SolutionProperties) = preSolution
		HideSolutionNode = FALSE
	EndGlobalSection
	GlobalSection(ExtensibilityGlobals) = postSolution
		SolutionGuid = {F4F80E34-949A-4AD6-BA66-5508CE402418}
	EndGlobalSection
EndGlobal
